// !$*UTF8*$!
{
	archiveVersion = 1;
	classes = {
	};
	objectVersion = 50;
	objects = {

/* Begin PBXBuildFile section */
		043BD04225E0063100A34E31 /* Learn_By_DoingApp.swift in Sources */ = {isa = PBXBuildFile; fileRef = 043BD04125E0063100A34E31 /* Learn_By_DoingApp.swift */; };
		043BD04425E0063100A34E31 /* ContentView.swift in Sources */ = {isa = PBXBuildFile; fileRef = 043BD04325E0063100A34E31 /* ContentView.swift */; };
		043BD04625E0063200A34E31 /* Assets.xcassets in Resources */ = {isa = PBXBuildFile; fileRef = 043BD04525E0063200A34E31 /* Assets.xcassets */; };
		043BD04925E0063200A34E31 /* Preview Assets.xcassets in Resources */ = {isa = PBXBuildFile; fileRef = 043BD04825E0063200A34E31 /* Preview Assets.xcassets */; };
		043BD05A25E0320E00A34E31 /* CardView.swift in Sources */ = {isa = PBXBuildFile; fileRef = 043BD05925E0320E00A34E31 /* CardView.swift */; };
		0480B5A125E3F0DD00C2E900 /* CardModel.swift in Sources */ = {isa = PBXBuildFile; fileRef = 0480B5A025E3F0DD00C2E900 /* CardModel.swift */; };
		0480B5A825E3F28D00C2E900 /* CardData.swift in Sources */ = {isa = PBXBuildFile; fileRef = 0480B5A725E3F28D00C2E900 /* CardData.swift */; };
		0480B5AD25E3F52600C2E900 /* sound-chime.mp3 in Resources */ = {isa = PBXBuildFile; fileRef = 0480B5AC25E3F52600C2E900 /* sound-chime.mp3 */; };
		0480B5B125E3F55A00C2E900 /* PlaySound.swift in Sources */ = {isa = PBXBuildFile; fileRef = 0480B5B025E3F55A00C2E900 /* PlaySound.swift */; };
/* End PBXBuildFile section */

/* Begin PBXCopyFilesBuildPhase section */
		0480B5C125E3FC4200C2E900 /* Embed App Extensions */ = {
			isa = PBXCopyFilesBuildPhase;
			buildActionMask = 2147483647;
			dstPath = "";
			dstSubfolderSpec = 13;
			files = (
			);
			name = "Embed App Extensions";
			runOnlyForDeploymentPostprocessing = 0;
		};
/* End PBXCopyFilesBuildPhase section */

/* Begin PBXFileReference section */
		043BD03E25E0063100A34E31 /* Learn By Doing.app */ = {isa = PBXFileReference; explicitFileType = wrapper.application; includeInIndex = 0; path = "Learn By Doing.app"; sourceTree = BUILT_PRODUCTS_DIR; };
		043BD04125E0063100A34E31 /* Learn_By_DoingApp.swift */ = {isa = PBXFileReference; lastKnownFileType = sourcecode.swift; path = Learn_By_DoingApp.swift; sourceTree = "<group>"; };
		043BD04325E0063100A34E31 /* ContentView.swift */ = {isa = PBXFileReference; lastKnownFileType = sourcecode.swift; path = ContentView.swift; sourceTree = "<group>"; };
		043BD04525E0063200A34E31 /* Assets.xcassets */ = {isa = PBXFileReference; lastKnownFileType = folder.assetcatalog; path = Assets.xcassets; sourceTree = "<group>"; };
		043BD04825E0063200A34E31 /* Preview Assets.xcassets */ = {isa = PBXFileReference; lastKnownFileType = folder.assetcatalog; path = "Preview Assets.xcassets"; sourceTree = "<group>"; };
		043BD04A25E0063200A34E31 /* Info.plist */ = {isa = PBXFileReference; lastKnownFileType = text.plist.xml; path = Info.plist; sourceTree = "<group>"; };
		043BD05925E0320E00A34E31 /* CardView.swift */ = {isa = PBXFileReference; lastKnownFileType = sourcecode.swift; path = CardView.swift; sourceTree = "<group>"; };
		0480B5A025E3F0DD00C2E900 /* CardModel.swift */ = {isa = PBXFileReference; lastKnownFileType = sourcecode.swift; path = CardModel.swift; sourceTree = "<group>"; };
		0480B5A725E3F28D00C2E900 /* CardData.swift */ = {isa = PBXFileReference; lastKnownFileType = sourcecode.swift; path = CardData.swift; sourceTree = "<group>"; };
		0480B5AC25E3F52600C2E900 /* sound-chime.mp3 */ = {isa = PBXFileReference; lastKnownFileType = audio.mp3; path = "sound-chime.mp3"; sourceTree = "<group>"; };
		0480B5B025E3F55A00C2E900 /* PlaySound.swift */ = {isa = PBXFileReference; lastKnownFileType = sourcecode.swift; path = PlaySound.swift; sourceTree = "<group>"; };
/* End PBXFileReference section */

/* Begin PBXFrameworksBuildPhase section */
		043BD03B25E0063100A34E31 /* Frameworks */ = {
			isa = PBXFrameworksBuildPhase;
			buildActionMask = 2147483647;
			files = (
			);
			runOnlyForDeploymentPostprocessing = 0;
		};
/* End PBXFrameworksBuildPhase section */

/* Begin PBXGroup section */
		043BD03525E0063100A34E31 = {
			isa = PBXGroup;
			children = (
				043BD04025E0063100A34E31 /* Learn By Doing */,
				043BD03F25E0063100A34E31 /* Products */,
			);
			sourceTree = "<group>";
		};
		043BD03F25E0063100A34E31 /* Products */ = {
			isa = PBXGroup;
			children = (
				043BD03E25E0063100A34E31 /* Learn By Doing.app */,
			);
			name = Products;
			sourceTree = "<group>";
		};
		043BD04025E0063100A34E31 /* Learn By Doing */ = {
			isa = PBXGroup;
			children = (
				0480B5AF25E3F54800C2E900 /* Utilities */,
				0480B5AB25E3F50A00C2E900 /* Sound */,
				0480B5A325E3F26300C2E900 /* Data */,
				0480B59F25E3F0C900C2E900 /* Model */,
				043BD05825E031FA00A34E31 /* View */,
				043BD05625E031EB00A34E31 /* App */,
				043BD04525E0063200A34E31 /* Assets.xcassets */,
				043BD04A25E0063200A34E31 /* Info.plist */,
				043BD04725E0063200A34E31 /* Preview Content */,
			);
			path = "Learn By Doing";
			sourceTree = "<group>";
		};
		043BD04725E0063200A34E31 /* Preview Content */ = {
			isa = PBXGroup;
			children = (
				043BD04825E0063200A34E31 /* Preview Assets.xcassets */,
			);
			path = "Preview Content";
			sourceTree = "<group>";
		};
		043BD05625E031EB00A34E31 /* App */ = {
			isa = PBXGroup;
			children = (
				043BD04125E0063100A34E31 /* Learn_By_DoingApp.swift */,
				043BD04325E0063100A34E31 /* ContentView.swift */,
			);
			path = App;
			sourceTree = "<group>";
		};
		043BD05825E031FA00A34E31 /* View */ = {
			isa = PBXGroup;
			children = (
				043BD05925E0320E00A34E31 /* CardView.swift */,
			);
			path = View;
			sourceTree = "<group>";
		};
		0480B59F25E3F0C900C2E900 /* Model */ = {
			isa = PBXGroup;
			children = (
				0480B5A025E3F0DD00C2E900 /* CardModel.swift */,
			);
			path = Model;
			sourceTree = "<group>";
		};
		0480B5A325E3F26300C2E900 /* Data */ = {
			isa = PBXGroup;
			children = (
				0480B5A725E3F28D00C2E900 /* CardData.swift */,
			);
			path = Data;
			sourceTree = "<group>";
		};
		0480B5AB25E3F50A00C2E900 /* Sound */ = {
			isa = PBXGroup;
			children = (
				0480B5AC25E3F52600C2E900 /* sound-chime.mp3 */,
			);
			path = Sound;
			sourceTree = "<group>";
		};
		0480B5AF25E3F54800C2E900 /* Utilities */ = {
			isa = PBXGroup;
			children = (
				0480B5B025E3F55A00C2E900 /* PlaySound.swift */,
			);
			path = Utilities;
			sourceTree = "<group>";
		};
/* End PBXGroup section */

/* Begin PBXNativeTarget section */
		043BD03D25E0063100A34E31 /* Learn By Doing */ = {
			isa = PBXNativeTarget;
			buildConfigurationList = 043BD04D25E0063200A34E31 /* Build configuration list for PBXNativeTarget "Learn By Doing" */;
			buildPhases = (
				043BD03A25E0063100A34E31 /* Sources */,
				043BD03B25E0063100A34E31 /* Frameworks */,
				043BD03C25E0063100A34E31 /* Resources */,
				0480B5C125E3FC4200C2E900 /* Embed App Extensions */,
			);
			buildRules = (
			);
			dependencies = (
			);
			name = "Learn By Doing";
			productName = "Learn By Doing";
			productReference = 043BD03E25E0063100A34E31 /* Learn By Doing.app */;
			productType = "com.apple.product-type.application";
		};
/* End PBXNativeTarget section */

/* Begin PBXProject section */
		043BD03625E0063100A34E31 /* Project object */ = {
			isa = PBXProject;
			attributes = {
				LastSwiftUpdateCheck = 1240;
				LastUpgradeCheck = 1240;
				TargetAttributes = {
					043BD03D25E0063100A34E31 = {
						CreatedOnToolsVersion = 12.4;
					};
				};
			};
			buildConfigurationList = 043BD03925E0063100A34E31 /* Build configuration list for PBXProject "Learn By Doing" */;
			compatibilityVersion = "Xcode 9.3";
			developmentRegion = en;
			hasScannedForEncodings = 0;
			knownRegions = (
				en,
				Base,
			);
			mainGroup = 043BD03525E0063100A34E31;
			productRefGroup = 043BD03F25E0063100A34E31 /* Products */;
			projectDirPath = "";
			projectRoot = "";
			targets = (
				043BD03D25E0063100A34E31 /* Learn By Doing */,
			);
		};
/* End PBXProject section */

/* Begin PBXResourcesBuildPhase section */
		043BD03C25E0063100A34E31 /* Resources */ = {
			isa = PBXResourcesBuildPhase;
			buildActionMask = 2147483647;
			files = (
				043BD04925E0063200A34E31 /* Preview Assets.xcassets in Resources */,
				0480B5AD25E3F52600C2E900 /* sound-chime.mp3 in Resources */,
				043BD04625E0063200A34E31 /* Assets.xcassets in Resources */,
			);
			runOnlyForDeploymentPostprocessing = 0;
		};
/* End PBXResourcesBuildPhase section */

/* Begin PBXSourcesBuildPhase section */
		043BD03A25E0063100A34E31 /* Sources */ = {
			isa = PBXSourcesBuildPhase;
			buildActionMask = 2147483647;
			files = (
				0480B5A825E3F28D00C2E900 /* CardData.swift in Sources */,
				0480B5B125E3F55A00C2E900 /* PlaySound.swift in Sources */,
				043BD04425E0063100A34E31 /* ContentView.swift in Sources */,
				0480B5A125E3F0DD00C2E900 /* CardModel.swift in Sources */,
				043BD05A25E0320E00A34E31 /* CardView.swift in Sources */,
				043BD04225E0063100A34E31 /* Learn_By_DoingApp.swift in Sources */,
			);
			runOnlyForDeploymentPostprocessing = 0;
		};
/* End PBXSourcesBuildPhase section */

/* Begin XCBuildConfiguration section */
		043BD04B25E0063200A34E31 /* Debug */ = {
			isa = XCBuildConfiguration;
			buildSettings = {
				ALWAYS_SEARCH_USER_PATHS = NO;
				CLANG_ANALYZER_NONNULL = YES;
				CLANG_ANALYZER_NUMBER_OBJECT_CONVERSION = YES_AGGRESSIVE;
				CLANG_CXX_LANGUAGE_STANDARD = "gnu++14";
				CLANG_CXX_LIBRARY = "libc++";
				CLANG_ENABLE_MODULES = YES;
				CLANG_ENABLE_OBJC_ARC = YES;
				CLANG_ENABLE_OBJC_WEAK = YES;
				CLANG_WARN_BLOCK_CAPTURE_AUTORELEASING = YES;
				CLANG_WARN_BOOL_CONVERSION = YES;
				CLANG_WARN_COMMA = YES;
				CLANG_WARN_CONSTANT_CONVERSION = YES;
				CLANG_WARN_DEPRECATED_OBJC_IMPLEMENTATIONS = YES;
				CLANG_WARN_DIRECT_OBJC_ISA_USAGE = YES_ERROR;
				CLANG_WARN_DOCUMENTATION_COMMENTS = YES;
				CLANG_WARN_EMPTY_BODY = YES;
				CLANG_WARN_ENUM_CONVERSION = YES;
				CLANG_WARN_INFINITE_RECURSION = YES;
				CLANG_WARN_INT_CONVERSION = YES;
				CLANG_WARN_NON_LITERAL_NULL_CONVERSION = YES;
				CLANG_WARN_OBJC_IMPLICIT_RETAIN_SELF = YES;
				CLANG_WARN_OBJC_LITERAL_CONVERSION = YES;
				CLANG_WARN_OBJC_ROOT_CLASS = YES_ERROR;
				CLANG_WARN_QUOTED_INCLUDE_IN_FRAMEWORK_HEADER = YES;
				CLANG_WARN_RANGE_LOOP_ANALYSIS = YES;
				CLANG_WARN_STRICT_PROTOTYPES = YES;
				CLANG_WARN_SUSPICIOUS_MOVE = YES;
				CLANG_WARN_UNGUARDED_AVAILABILITY = YES_AGGRESSIVE;
				CLANG_WARN_UNREACHABLE_CODE = YES;
				CLANG_WARN__DUPLICATE_METHOD_MATCH = YES;
				COPY_PHASE_STRIP = NO;
				DEBUG_INFORMATION_FORMAT = dwarf;
				ENABLE_STRICT_OBJC_MSGSEND = YES;
				ENABLE_TESTABILITY = YES;
				GCC_C_LANGUAGE_STANDARD = gnu11;
				GCC_DYNAMIC_NO_PIC = NO;
				GCC_NO_COMMON_BLOCKS = YES;
				GCC_OPTIMIZATION_LEVEL = 0;
				GCC_PREPROCESSOR_DEFINITIONS = (
					"DEBUG=1",
					"$(inherited)",
				);
				GCC_WARN_64_TO_32_BIT_CONVERSION = YES;
				GCC_WARN_ABOUT_RETURN_TYPE = YES_ERROR;
				GCC_WARN_UNDECLARED_SELECTOR = YES;
				GCC_WARN_UNINITIALIZED_AUTOS = YES_AGGRESSIVE;
				GCC_WARN_UNUSED_FUNCTION = YES;
				GCC_WARN_UNUSED_VARIABLE = YES;
				IPHONEOS_DEPLOYMENT_TARGET = 14.4;
				MTL_ENABLE_DEBUG_INFO = INCLUDE_SOURCE;
				MTL_FAST_MATH = YES;
				ONLY_ACTIVE_ARCH = YES;
				SDKROOT = iphoneos;
				SWIFT_ACTIVE_COMPILATION_CONDITIONS = DEBUG;
				SWIFT_OPTIMIZATION_LEVEL = "-Onone";
			};
			name = Debug;
		};
		043BD04C25E0063200A34E31 /* Release */ = {
			isa = XCBuildConfiguration;
			buildSettings = {
				ALWAYS_SEARCH_USER_PATHS = NO;
				CLANG_ANALYZER_NONNULL = YES;
				CLANG_ANALYZER_NUMBER_OBJECT_CONVERSION = YES_AGGRESSIVE;
				CLANG_CXX_LANGUAGE_STANDARD = "gnu++14";
				CLANG_CXX_LIBRARY = "libc++";
				CLANG_ENABLE_MODULES = YES;
				CLANG_ENABLE_OBJC_ARC = YES;
				CLANG_ENABLE_OBJC_WEAK = YES;
				CLANG_WARN_BLOCK_CAPTURE_AUTORELEASING = YES;
				CLANG_WARN_BOOL_CONVERSION = YES;
				CLANG_WARN_COMMA = YES;
				CLANG_WARN_CONSTANT_CONVERSION = YES;
				CLANG_WARN_DEPRECATED_OBJC_IMPLEMENTATIONS = YES;
				CLANG_WARN_DIRECT_OBJC_ISA_USAGE = YES_ERROR;
				CLANG_WARN_DOCUMENTATION_COMMENTS = YES;
				CLANG_WARN_EMPTY_BODY = YES;
				CLANG_WARN_ENUM_CONVERSION = YES;
				CLANG_WARN_INFINITE_RECURSION = YES;
				CLANG_WARN_INT_CONVERSION = YES;
				CLANG_WARN_NON_LITERAL_NULL_CONVERSION = YES;
				CLANG_WARN_OBJC_IMPLICIT_RETAIN_SELF = YES;
				CLANG_WARN_OBJC_LITERAL_CONVERSION = YES;
				CLANG_WARN_OBJC_ROOT_CLASS = YES_ERROR;
				CLANG_WARN_QUOTED_INCLUDE_IN_FRAMEWORK_HEADER = YES;
				CLANG_WARN_RANGE_LOOP_ANALYSIS = YES;
				CLANG_WARN_STRICT_PROTOTYPES = YES;
				CLANG_WARN_SUSPICIOUS_MOVE = YES;
				CLANG_WARN_UNGUARDED_AVAILABILITY = YES_AGGRESSIVE;
				CLANG_WARN_UNREACHABLE_CODE = YES;
				CLANG_WARN__DUPLICATE_METHOD_MATCH = YES;
				COPY_PHASE_STRIP = NO;
				DEBUG_INFORMATION_FORMAT = "dwarf-with-dsym";
				ENABLE_NS_ASSERTIONS = NO;
				ENABLE_STRICT_OBJC_MSGSEND = YES;
				GCC_C_LANGUAGE_STANDARD = gnu11;
				GCC_NO_COMMON_BLOCKS = YES;
				GCC_WARN_64_TO_32_BIT_CONVERSION = YES;
				GCC_WARN_ABOUT_RETURN_TYPE = YES_ERROR;
				GCC_WARN_UNDECLARED_SELECTOR = YES;
				GCC_WARN_UNINITIALIZED_AUTOS = YES_AGGRESSIVE;
				GCC_WARN_UNUSED_FUNCTION = YES;
				GCC_WARN_UNUSED_VARIABLE = YES;
				IPHONEOS_DEPLOYMENT_TARGET = 14.4;
				MTL_ENABLE_DEBUG_INFO = NO;
				MTL_FAST_MATH = YES;
				SDKROOT = iphoneos;
				SWIFT_COMPILATION_MODE = wholemodule;
				SWIFT_OPTIMIZATION_LEVEL = "-O";
				VALIDATE_PRODUCT = YES;
			};
			name = Release;
		};
		043BD04E25E0063200A34E31 /* Debug */ = {
			isa = XCBuildConfiguration;
			buildSettings = {
				ASSETCATALOG_COMPILER_APPICON_NAME = AppIcon;
				ASSETCATALOG_COMPILER_GLOBAL_ACCENT_COLOR_NAME = AccentColor;
				CODE_SIGN_STYLE = Automatic;
				DEVELOPMENT_ASSET_PATHS = "\"Learn By Doing/Preview Content\"";
				DEVELOPMENT_TEAM = WW6582Q94G;
				ENABLE_PREVIEWS = YES;
				INFOPLIST_FILE = "Learn By Doing/Info.plist";
				IPHONEOS_DEPLOYMENT_TARGET = 14.0;
				LD_RUNPATH_SEARCH_PATHS = (
					"$(inherited)",
					"@executable_path/Frameworks",
				);
				PRODUCT_BUNDLE_IDENTIFIER = "com.chavicodes.Learn-By-Doing";
				PRODUCT_NAME = "$(TARGET_NAME)";
				SWIFT_VERSION = 5.0;
				TARGETED_DEVICE_FAMILY = "1,2";
			};
			name = Debug;
		};
		043BD04F25E0063200A34E31 /* Release */ = {
			isa = XCBuildConfiguration;
			buildSettings = {
				ASSETCATALOG_COMPILER_APPICON_NAME = AppIcon;
				ASSETCATALOG_COMPILER_GLOBAL_ACCENT_COLOR_NAME = AccentColor;
				CODE_SIGN_STYLE = Automatic;
				DEVELOPMENT_ASSET_PATHS = "\"Learn By Doing/Preview Content\"";
				DEVELOPMENT_TEAM = WW6582Q94G;
				ENABLE_PREVIEWS = YES;
				INFOPLIST_FILE = "Learn By Doing/Info.plist";
				IPHONEOS_DEPLOYMENT_TARGET = 14.0;
				LD_RUNPATH_SEARCH_PATHS = (
					"$(inherited)",
					"@executable_path/Frameworks",
				);
				PRODUCT_BUNDLE_IDENTIFIER = "com.chavicodes.Learn-By-Doing";
				PRODUCT_NAME = "$(TARGET_NAME)";
				SWIFT_VERSION = 5.0;
				TARGETED_DEVICE_FAMILY = "1,2";
			};
			name = Release;
		};
/* End XCBuildConfiguration section */

/* Begin XCConfigurationList section */
		043BD03925E0063100A34E31 /* Build configuration list for PBXProject "Learn By Doing" */ = {
			isa = XCConfigurationList;
			buildConfigurations = (
				043BD04B25E0063200A34E31 /* Debug */,
				043BD04C25E0063200A34E31 /* Release */,
			);
			defaultConfigurationIsVisible = 0;
			defaultConfigurationName = Release;
		};
		043BD04D25E0063200A34E31 /* Build configuration list for PBXNativeTarget "Learn By Doing" */ = {
			isa = XCConfigurationList;
			buildConfigurations = (
				043BD04E25E0063200A34E31 /* Debug */,
				043BD04F25E0063200A34E31 /* Release */,
			);
			defaultConfigurationIsVisible = 0;
			defaultConfigurationName = Release;
		};
/* End XCConfigurationList section */
	};
	rootObject = 043BD03625E0063100A34E31 /* Project object */;
}
